github.com/codegangsta/inject v0.0.0-20150114235600-33e0aa1cb7c0 h1:sDMmm+q/3+BukdIpxwO365v/Rbspp2Nt5XntgQRXq8Q=
github.com/codegangsta/inject v0.0.0-20150114235600-33e0aa1cb7c0/go.mod h1:4Zcjuz89kmFXt9morQgcfYZAYZ5n8WHjt81YYWIwtTM=
gomodules.xyz/go-sh v0.1.0 h1:1BJAuGREh2RhePt7HRrpmjnkbgfpXlCzc42SiyZ5dkc=
gomodules.xyz/go-sh v0.1.0/go.mod h1:N8IrjNiYppUI/rxENYrWD6FOrSxSyEZnIekPEWM7LP0=
